
Microsoft Visual Studio Solution File, Format Version 12.00
# Visual Studio Version 17
VisualStudioVersion = 17.4.33110.190
MinimumVisualStudioVersion = 10.0.40219.1
Project("{FAE04EC0-301F-11D3-BF4B-00C04F79EFBC}") = "CascadeFlow.Backend.Application", "CascadeFlow.Backend.Application\CascadeFlow.Backend.Application.csproj", "{731058B6-3A7B-441B-8C7D-0AF46EE0D6D9}"
EndProject
Project("{FAE04EC0-301F-11D3-BF4B-00C04F79EFBC}") = "CascadeFlow.Backend.Core", "CascadeFlow.Backend.Core\CascadeFlow.Backend.Core.csproj", "{B4B06DDD-C28A-41C6-A230-79949B305064}"
EndProject
Project("{FAE04EC0-301F-11D3-BF4B-00C04F79EFBC}") = "CascadeFlow.Backend.Infrastructure", "CascadeFlow.Backend.Infrastructure\CascadeFlow.Backend.Infrastructure.csproj", "{96F8481E-5E49-4886-BDE0-1AB2386C8050}"
EndProject
Project("{FAE04EC0-301F-11D3-BF4B-00C04F79EFBC}") = "CascadeFlow.Backend.WebApi", "CascadeFlow.Backend.WebApi\CascadeFlow.Backend.WebApi.csproj", "{273FB367-F68F-46C6-AADC-5FEC7630338F}"
EndProject
Global
	GlobalSection(SolutionConfigurationPlatforms) = preSolution
		Debug|Any CPU = Debug|Any CPU
		Release|Any CPU = Release|Any CPU
	EndGlobalSection
	GlobalSection(ProjectConfigurationPlatforms) = postSolution
		{731058B6-3A7B-441B-8C7D-0AF46EE0D6D9}.Debug|Any CPU.ActiveCfg = Debug|Any CPU
		{731058B6-3A7B-441B-8C7D-0AF46EE0D6D9}.Debug|Any CPU.Build.0 = Debug|Any CPU
		{731058B6-3A7B-441B-8C7D-0AF46EE0D6D9}.Release|Any CPU.ActiveCfg = Release|Any CPU
		{731058B6-3A7B-441B-8C7D-0AF46EE0D6D9}.Release|Any CPU.Build.0 = Release|Any CPU
		{B4B06DDD-C28A-41C6-A230-79949B305064}.Debug|Any CPU.ActiveCfg = Debug|Any CPU
		{B4B06DDD-C28A-41C6-A230-79949B305064}.Debug|Any CPU.Build.0 = Debug|Any CPU
		{B4B06DDD-C28A-41C6-A230-79949B305064}.Release|Any CPU.ActiveCfg = Release|Any CPU
		{B4B06DDD-C28A-41C6-A230-79949B305064}.Release|Any CPU.Build.0 = Release|Any CPU
		{96F8481E-5E49-4886-BDE0-1AB2386C8050}.Debug|Any CPU.ActiveCfg = Debug|Any CPU
		{96F8481E-5E49-4886-BDE0-1AB2386C8050}.Debug|Any CPU.Build.0 = Debug|Any CPU
		{96F8481E-5E49-4886-BDE0-1AB2386C8050}.Release|Any CPU.ActiveCfg = Release|Any CPU
		{96F8481E-5E49-4886-BDE0-1AB2386C8050}.Release|Any CPU.Build.0 = Release|Any CPU
		{273FB367-F68F-46C6-AADC-5FEC7630338F}.Debug|Any CPU.ActiveCfg = Debug|Any CPU
		{273FB367-F68F-46C6-AADC-5FEC7630338F}.Debug|Any CPU.Build.0 = Debug|Any CPU
		{273FB367-F68F-46C6-AADC-5FEC7630338F}.Release|Any CPU.ActiveCfg = Release|Any CPU
		{273FB367-F68F-46C6-AADC-5FEC7630338F}.Release|Any CPU.Build.0 = Release|Any CPU
	EndGlobalSection
	GlobalSection(SolutionProperties) = preSolution
		HideSolutionNode = FALSE
	EndGlobalSection
	GlobalSection(ExtensibilityGlobals) = postSolution
		SolutionGuid = {497D76E4-2243-48D9-B5F5-7F4540737196}
	EndGlobalSection
EndGlobal
